// !$*UTF8*$!
{
	archiveVersion = 1;
	classes = {
	};
	objectVersion = 55;
	objects = {

/* Begin PBXBuildFile section */
		333E71A828AC1BFC00803CB0 /* window_shopperTests.swift in Sources */ = {isa = PBXBuildFile; fileRef = 333E71A728AC1BFC00803CB0 /* window_shopperTests.swift */; };
		333E71B028AC1C1B00803CB0 /* Wage.swift in Sources */ = {isa = PBXBuildFile; fileRef = 333E71AF28AC1C1B00803CB0 /* Wage.swift */; };
		333E71B128AC1D5800803CB0 /* Wage.swift in Sources */ = {isa = PBXBuildFile; fileRef = 333E71AF28AC1C1B00803CB0 /* Wage.swift */; };
		33E970C928A56E0200A5411C /* AppDelegate.swift in Sources */ = {isa = PBXBuildFile; fileRef = 33E970C828A56E0200A5411C /* AppDelegate.swift */; };
		33E970CB28A56E0200A5411C /* SceneDelegate.swift in Sources */ = {isa = PBXBuildFile; fileRef = 33E970CA28A56E0200A5411C /* SceneDelegate.swift */; };
		33E970CD28A56E0200A5411C /* ViewController.swift in Sources */ = {isa = PBXBuildFile; fileRef = 33E970CC28A56E0200A5411C /* ViewController.swift */; };
		33E970D028A56E0200A5411C /* Main.storyboard in Resources */ = {isa = PBXBuildFile; fileRef = 33E970CE28A56E0200A5411C /* Main.storyboard */; };
		33E970D228A56E0300A5411C /* Assets.xcassets in Resources */ = {isa = PBXBuildFile; fileRef = 33E970D128A56E0300A5411C /* Assets.xcassets */; };
		33E970D528A56E0300A5411C /* LaunchScreen.storyboard in Resources */ = {isa = PBXBuildFile; fileRef = 33E970D328A56E0300A5411C /* LaunchScreen.storyboard */; };
		33E970DF28AC106D00A5411C /* CurrencyTxtField.swift in Sources */ = {isa = PBXBuildFile; fileRef = 33E970DE28AC106D00A5411C /* CurrencyTxtField.swift */; };
/* End PBXBuildFile section */

/* Begin PBXContainerItemProxy section */
		333E71A928AC1BFC00803CB0 /* PBXContainerItemProxy */ = {
			isa = PBXContainerItemProxy;
			containerPortal = 33E970BD28A56E0200A5411C /* Project object */;
			proxyType = 1;
			remoteGlobalIDString = 33E970C428A56E0200A5411C;
			remoteInfo = "window-shopper";
		};
/* End PBXContainerItemProxy section */

/* Begin PBXFileReference section */
		333E71A528AC1BFC00803CB0 /* window-shopperTests.xctest */ = {isa = PBXFileReference; explicitFileType = wrapper.cfbundle; includeInIndex = 0; path = "window-shopperTests.xctest"; sourceTree = BUILT_PRODUCTS_DIR; };
		333E71A728AC1BFC00803CB0 /* window_shopperTests.swift */ = {isa = PBXFileReference; lastKnownFileType = sourcecode.swift; path = window_shopperTests.swift; sourceTree = "<group>"; };
		333E71AF28AC1C1B00803CB0 /* Wage.swift */ = {isa = PBXFileReference; lastKnownFileType = sourcecode.swift; path = Wage.swift; sourceTree = "<group>"; };
		33E970C528A56E0200A5411C /* window-shopper.app */ = {isa = PBXFileReference; explicitFileType = wrapper.application; includeInIndex = 0; path = "window-shopper.app"; sourceTree = BUILT_PRODUCTS_DIR; };
		33E970C828A56E0200A5411C /* AppDelegate.swift */ = {isa = PBXFileReference; lastKnownFileType = sourcecode.swift; path = AppDelegate.swift; sourceTree = "<group>"; };
		33E970CA28A56E0200A5411C /* SceneDelegate.swift */ = {isa = PBXFileReference; lastKnownFileType = sourcecode.swift; path = SceneDelegate.swift; sourceTree = "<group>"; };
		33E970CC28A56E0200A5411C /* ViewController.swift */ = {isa = PBXFileReference; lastKnownFileType = sourcecode.swift; path = ViewController.swift; sourceTree = "<group>"; };
		33E970CF28A56E0200A5411C /* Base */ = {isa = PBXFileReference; lastKnownFileType = file.storyboard; name = Base; path = Base.lproj/Main.storyboard; sourceTree = "<group>"; };
		33E970D128A56E0300A5411C /* Assets.xcassets */ = {isa = PBXFileReference; lastKnownFileType = folder.assetcatalog; path = Assets.xcassets; sourceTree = "<group>"; };
		33E970D428A56E0300A5411C /* Base */ = {isa = PBXFileReference; lastKnownFileType = file.storyboard; name = Base; path = Base.lproj/LaunchScreen.storyboard; sourceTree = "<group>"; };
		33E970D628A56E0300A5411C /* Info.plist */ = {isa = PBXFileReference; lastKnownFileType = text.plist.xml; path = Info.plist; sourceTree = "<group>"; };
		33E970DE28AC106D00A5411C /* CurrencyTxtField.swift */ = {isa = PBXFileReference; lastKnownFileType = sourcecode.swift; path = CurrencyTxtField.swift; sourceTree = "<group>"; };
/* End PBXFileReference section */

/* Begin PBXFrameworksBuildPhase section */
		333E71A228AC1BFC00803CB0 /* Frameworks */ = {
			isa = PBXFrameworksBuildPhase;
			buildActionMask = 2147483647;
			files = (
			);
			runOnlyForDeploymentPostprocessing = 0;
		};
		33E970C228A56E0200A5411C /* Frameworks */ = {
			isa = PBXFrameworksBuildPhase;
			buildActionMask = 2147483647;
			files = (
			);
			runOnlyForDeploymentPostprocessing = 0;
		};
/* End PBXFrameworksBuildPhase section */

/* Begin PBXGroup section */
		333E71A628AC1BFC00803CB0 /* window-shopperTests */ = {
			isa = PBXGroup;
			children = (
				333E71A728AC1BFC00803CB0 /* window_shopperTests.swift */,
			);
			path = "window-shopperTests";
			sourceTree = "<group>";
		};
		333E71AE28AC1C0600803CB0 /* Model */ = {
			isa = PBXGroup;
			children = (
				333E71AF28AC1C1B00803CB0 /* Wage.swift */,
			);
			path = Model;
			sourceTree = "<group>";
		};
		33E970BC28A56E0200A5411C = {
			isa = PBXGroup;
			children = (
				33E970C728A56E0200A5411C /* window-shopper */,
				333E71A628AC1BFC00803CB0 /* window-shopperTests */,
				33E970C628A56E0200A5411C /* Products */,
			);
			sourceTree = "<group>";
		};
		33E970C628A56E0200A5411C /* Products */ = {
			isa = PBXGroup;
			children = (
				33E970C528A56E0200A5411C /* window-shopper.app */,
				333E71A528AC1BFC00803CB0 /* window-shopperTests.xctest */,
			);
			name = Products;
			sourceTree = "<group>";
		};
		33E970C728A56E0200A5411C /* window-shopper */ = {
			isa = PBXGroup;
			children = (
				333E71AE28AC1C0600803CB0 /* Model */,
				33E970DD28AC103F00A5411C /* Views */,
				33E970DC28AC0EF700A5411C /* Controller */,
				33E970C828A56E0200A5411C /* AppDelegate.swift */,
				33E970CA28A56E0200A5411C /* SceneDelegate.swift */,
				33E970CE28A56E0200A5411C /* Main.storyboard */,
				33E970D128A56E0300A5411C /* Assets.xcassets */,
				33E970D328A56E0300A5411C /* LaunchScreen.storyboard */,
				33E970D628A56E0300A5411C /* Info.plist */,
			);
			path = "window-shopper";
			sourceTree = "<group>";
		};
		33E970DC28AC0EF700A5411C /* Controller */ = {
			isa = PBXGroup;
			children = (
				33E970CC28A56E0200A5411C /* ViewController.swift */,
			);
			path = Controller;
			sourceTree = "<group>";
		};
		33E970DD28AC103F00A5411C /* Views */ = {
			isa = PBXGroup;
			children = (
				33E970DE28AC106D00A5411C /* CurrencyTxtField.swift */,
			);
			path = Views;
			sourceTree = "<group>";
		};
/* End PBXGroup section */

/* Begin PBXNativeTarget section */
		333E71A428AC1BFC00803CB0 /* window-shopperTests */ = {
			isa = PBXNativeTarget;
			buildConfigurationList = 333E71AD28AC1BFC00803CB0 /* Build configuration list for PBXNativeTarget "window-shopperTests" */;
			buildPhases = (
				333E71A128AC1BFC00803CB0 /* Sources */,
				333E71A228AC1BFC00803CB0 /* Frameworks */,
				333E71A328AC1BFC00803CB0 /* Resources */,
			);
			buildRules = (
			);
			dependencies = (
				333E71AA28AC1BFC00803CB0 /* PBXTargetDependency */,
			);
			name = "window-shopperTests";
			productName = "window-shopperTests";
			productReference = 333E71A528AC1BFC00803CB0 /* window-shopperTests.xctest */;
			productType = "com.apple.product-type.bundle.unit-test";
		};
		33E970C428A56E0200A5411C /* window-shopper */ = {
			isa = PBXNativeTarget;
			buildConfigurationList = 33E970D928A56E0300A5411C /* Build configuration list for PBXNativeTarget "window-shopper" */;
			buildPhases = (
				33E970C128A56E0200A5411C /* Sources */,
				33E970C228A56E0200A5411C /* Frameworks */,
				33E970C328A56E0200A5411C /* Resources */,
			);
			buildRules = (
			);
			dependencies = (
			);
			name = "window-shopper";
			productName = "window-shopper";
			productReference = 33E970C528A56E0200A5411C /* window-shopper.app */;
			productType = "com.apple.product-type.application";
		};
/* End PBXNativeTarget section */

/* Begin PBXProject section */
		33E970BD28A56E0200A5411C /* Project object */ = {
			isa = PBXProject;
			attributes = {
				BuildIndependentTargetsInParallel = 1;
				LastSwiftUpdateCheck = 1330;
				LastUpgradeCheck = 1330;
				TargetAttributes = {
					333E71A428AC1BFC00803CB0 = {
						CreatedOnToolsVersion = 13.3;
						TestTargetID = 33E970C428A56E0200A5411C;
					};
					33E970C428A56E0200A5411C = {
						CreatedOnToolsVersion = 13.3;
					};
				};
			};
			buildConfigurationList = 33E970C028A56E0200A5411C /* Build configuration list for PBXProject "window-shopper" */;
			compatibilityVersion = "Xcode 13.0";
			developmentRegion = en;
			hasScannedForEncodings = 0;
			knownRegions = (
				en,
				Base,
			);
			mainGroup = 33E970BC28A56E0200A5411C;
			productRefGroup = 33E970C628A56E0200A5411C /* Products */;
			projectDirPath = "";
			projectRoot = "";
			targets = (
				33E970C428A56E0200A5411C /* window-shopper */,
				333E71A428AC1BFC00803CB0 /* window-shopperTests */,
			);
		};
/* End PBXProject section */

/* Begin PBXResourcesBuildPhase section */
		333E71A328AC1BFC00803CB0 /* Resources */ = {
			isa = PBXResourcesBuildPhase;
			buildActionMask = 2147483647;
			files = (
			);
			runOnlyForDeploymentPostprocessing = 0;
		};
		33E970C328A56E0200A5411C /* Resources */ = {
			isa = PBXResourcesBuildPhase;
			buildActionMask = 2147483647;
			files = (
				33E970D528A56E0300A5411C /* LaunchScreen.storyboard in Resources */,
				33E970D228A56E0300A5411C /* Assets.xcassets in Resources */,
				33E970D028A56E0200A5411C /* Main.storyboard in Resources */,
			);
			runOnlyForDeploymentPostprocessing = 0;
		};
/* End PBXResourcesBuildPhase section */

/* Begin PBXSourcesBuildPhase section */
		333E71A128AC1BFC00803CB0 /* Sources */ = {
			isa = PBXSourcesBuildPhase;
			buildActionMask = 2147483647;
			files = (
				333E71A828AC1BFC00803CB0 /* window_shopperTests.swift in Sources */,
				333E71B128AC1D5800803CB0 /* Wage.swift in Sources */,
			);
			runOnlyForDeploymentPostprocessing = 0;
		};
		33E970C128A56E0200A5411C /* Sources */ = {
			isa = PBXSourcesBuildPhase;
			buildActionMask = 2147483647;
			files = (
				33E970DF28AC106D00A5411C /* CurrencyTxtField.swift in Sources */,
				33E970CD28A56E0200A5411C /* ViewController.swift in Sources */,
				333E71B028AC1C1B00803CB0 /* Wage.swift in Sources */,
				33E970C928A56E0200A5411C /* AppDelegate.swift in Sources */,
				33E970CB28A56E0200A5411C /* SceneDelegate.swift in Sources */,
			);
			runOnlyForDeploymentPostprocessing = 0;
		};
/* End PBXSourcesBuildPhase section */

/* Begin PBXTargetDependency section */
		333E71AA28AC1BFC00803CB0 /* PBXTargetDependency */ = {
			isa = PBXTargetDependency;
			target = 33E970C428A56E0200A5411C /* window-shopper */;
			targetProxy = 333E71A928AC1BFC00803CB0 /* PBXContainerItemProxy */;
		};
/* End PBXTargetDependency section */

/* Begin PBXVariantGroup section */
		33E970CE28A56E0200A5411C /* Main.storyboard */ = {
			isa = PBXVariantGroup;
			children = (
				33E970CF28A56E0200A5411C /* Base */,
			);
			name = Main.storyboard;
			sourceTree = "<group>";
		};
		33E970D328A56E0300A5411C /* LaunchScreen.storyboard */ = {
			isa = PBXVariantGroup;
			children = (
				33E970D428A56E0300A5411C /* Base */,
			);
			name = LaunchScreen.storyboard;
			sourceTree = "<group>";
		};
/* End PBXVariantGroup section */

/* Begin XCBuildConfiguration section */
		333E71AB28AC1BFC00803CB0 /* Debug */ = {
			isa = XCBuildConfiguration;
			buildSettings = {
				BUNDLE_LOADER = "$(TEST_HOST)";
				CODE_SIGN_STYLE = Automatic;
				CURRENT_PROJECT_VERSION = 1;
				DEVELOPMENT_TEAM = UZVVD4UFLZ;
				GENERATE_INFOPLIST_FILE = YES;
				MARKETING_VERSION = 1.0;
				PRODUCT_BUNDLE_IDENTIFIER = "com.vitesco.window-shopperTests";
				PRODUCT_NAME = "$(TARGET_NAME)";
				SWIFT_EMIT_LOC_STRINGS = NO;
				SWIFT_VERSION = 5.0;
				TARGETED_DEVICE_FAMILY = "1,2";
				TEST_HOST = "$(BUILT_PRODUCTS_DIR)/window-shopper.app/window-shopper";
			};
			name = Debug;
		};
		333E71AC28AC1BFC00803CB0 /* Release */ = {
			isa = XCBuildConfiguration;
			buildSettings = {
				BUNDLE_LOADER = "$(TEST_HOST)";
				CODE_SIGN_STYLE = Automatic;
				CURRENT_PROJECT_VERSION = 1;
				DEVELOPMENT_TEAM = UZVVD4UFLZ;
				GENERATE_INFOPLIST_FILE = YES;
				MARKETING_VERSION = 1.0;
				PRODUCT_BUNDLE_IDENTIFIER = "com.vitesco.window-shopperTests";
				PRODUCT_NAME = "$(TARGET_NAME)";
				SWIFT_EMIT_LOC_STRINGS = NO;
				SWIFT_VERSION = 5.0;
				TARGETED_DEVICE_FAMILY = "1,2";
				TEST_HOST = "$(BUILT_PRODUCTS_DIR)/window-shopper.app/window-shopper";
			};
			name = Release;
		};
		33E970D728A56E0300A5411C /* Debug */ = {
			isa = XCBuildConfiguration;
			buildSettings = {
				ALWAYS_SEARCH_USER_PATHS = NO;
				CLANG_ANALYZER_NONNULL = YES;
				CLANG_ANALYZER_NUMBER_OBJECT_CONVERSION = YES_AGGRESSIVE;
				CLANG_CXX_LANGUAGE_STANDARD = "gnu++17";
				CLANG_ENABLE_MODULES = YES;
				CLANG_ENABLE_OBJC_ARC = YES;
				CLANG_ENABLE_OBJC_WEAK = YES;
				CLANG_WARN_BLOCK_CAPTURE_AUTORELEASING = YES;
				CLANG_WARN_BOOL_CONVERSION = YES;
				CLANG_WARN_COMMA = YES;
				CLANG_WARN_CONSTANT_CONVERSION = YES;
				CLANG_WARN_DEPRECATED_OBJC_IMPLEMENTATIONS = YES;
				CLANG_WARN_DIRECT_OBJC_ISA_USAGE = YES_ERROR;
				CLANG_WARN_DOCUMENTATION_COMMENTS = YES;
				CLANG_WARN_EMPTY_BODY = YES;
				CLANG_WARN_ENUM_CONVERSION = YES;
				CLANG_WARN_INFINITE_RECURSION = YES;
				CLANG_WARN_INT_CONVERSION = YES;
				CLANG_WARN_NON_LITERAL_NULL_CONVERSION = YES;
				CLANG_WARN_OBJC_IMPLICIT_RETAIN_SELF = YES;
				CLANG_WARN_OBJC_LITERAL_CONVERSION = YES;
				CLANG_WARN_OBJC_ROOT_CLASS = YES_ERROR;
				CLANG_WARN_QUOTED_INCLUDE_IN_FRAMEWORK_HEADER = YES;
				CLANG_WARN_RANGE_LOOP_ANALYSIS = YES;
				CLANG_WARN_STRICT_PROTOTYPES = YES;
				CLANG_WARN_SUSPICIOUS_MOVE = YES;
				CLANG_WARN_UNGUARDED_AVAILABILITY = YES_AGGRESSIVE;
				CLANG_WARN_UNREACHABLE_CODE = YES;
				CLANG_WARN__DUPLICATE_METHOD_MATCH = YES;
				COPY_PHASE_STRIP = NO;
				DEBUG_INFORMATION_FORMAT = dwarf;
				ENABLE_STRICT_OBJC_MSGSEND = YES;
				ENABLE_TESTABILITY = YES;
				GCC_C_LANGUAGE_STANDARD = gnu11;
				GCC_DYNAMIC_NO_PIC = NO;
				GCC_NO_COMMON_BLOCKS = YES;
				GCC_OPTIMIZATION_LEVEL = 0;
				GCC_PREPROCESSOR_DEFINITIONS = (
					"DEBUG=1",
					"$(inherited)",
				);
				GCC_WARN_64_TO_32_BIT_CONVERSION = YES;
				GCC_WARN_ABOUT_RETURN_TYPE = YES_ERROR;
				GCC_WARN_UNDECLARED_SELECTOR = YES;
				GCC_WARN_UNINITIALIZED_AUTOS = YES_AGGRESSIVE;
				GCC_WARN_UNUSED_FUNCTION = YES;
				GCC_WARN_UNUSED_VARIABLE = YES;
				IPHONEOS_DEPLOYMENT_TARGET = 15.4;
				MTL_ENABLE_DEBUG_INFO = INCLUDE_SOURCE;
				MTL_FAST_MATH = YES;
				ONLY_ACTIVE_ARCH = YES;
				SDKROOT = iphoneos;
				SWIFT_ACTIVE_COMPILATION_CONDITIONS = DEBUG;
				SWIFT_OPTIMIZATION_LEVEL = "-Onone";
			};
			name = Debug;
		};
		33E970D828A56E0300A5411C /* Release */ = {
			isa = XCBuildConfiguration;
			buildSettings = {
				ALWAYS_SEARCH_USER_PATHS = NO;
				CLANG_ANALYZER_NONNULL = YES;
				CLANG_ANALYZER_NUMBER_OBJECT_CONVERSION = YES_AGGRESSIVE;
				CLANG_CXX_LANGUAGE_STANDARD = "gnu++17";
				CLANG_ENABLE_MODULES = YES;
				CLANG_ENABLE_OBJC_ARC = YES;
				CLANG_ENABLE_OBJC_WEAK = YES;
				CLANG_WARN_BLOCK_CAPTURE_AUTORELEASING = YES;
				CLANG_WARN_BOOL_CONVERSION = YES;
				CLANG_WARN_COMMA = YES;
				CLANG_WARN_CONSTANT_CONVERSION = YES;
				CLANG_WARN_DEPRECATED_OBJC_IMPLEMENTATIONS = YES;
				CLANG_WARN_DIRECT_OBJC_ISA_USAGE = YES_ERROR;
				CLANG_WARN_DOCUMENTATION_COMMENTS = YES;
				CLANG_WARN_EMPTY_BODY = YES;
				CLANG_WARN_ENUM_CONVERSION = YES;
				CLANG_WARN_INFINITE_RECURSION = YES;
				CLANG_WARN_INT_CONVERSION = YES;
				CLANG_WARN_NON_LITERAL_NULL_CONVERSION = YES;
				CLANG_WARN_OBJC_IMPLICIT_RETAIN_SELF = YES;
				CLANG_WARN_OBJC_LITERAL_CONVERSION = YES;
				CLANG_WARN_OBJC_ROOT_CLASS = YES_ERROR;
				CLANG_WARN_QUOTED_INCLUDE_IN_FRAMEWORK_HEADER = YES;
				CLANG_WARN_RANGE_LOOP_ANALYSIS = YES;
				CLANG_WARN_STRICT_PROTOTYPES = YES;
				CLANG_WARN_SUSPICIOUS_MOVE = YES;
				CLANG_WARN_UNGUARDED_AVAILABILITY = YES_AGGRESSIVE;
				CLANG_WARN_UNREACHABLE_CODE = YES;
				CLANG_WARN__DUPLICATE_METHOD_MATCH = YES;
				COPY_PHASE_STRIP = NO;
				DEBUG_INFORMATION_FORMAT = "dwarf-with-dsym";
				ENABLE_NS_ASSERTIONS = NO;
				ENABLE_STRICT_OBJC_MSGSEND = YES;
				GCC_C_LANGUAGE_STANDARD = gnu11;
				GCC_NO_COMMON_BLOCKS = YES;
				GCC_WARN_64_TO_32_BIT_CONVERSION = YES;
				GCC_WARN_ABOUT_RETURN_TYPE = YES_ERROR;
				GCC_WARN_UNDECLARED_SELECTOR = YES;
				GCC_WARN_UNINITIALIZED_AUTOS = YES_AGGRESSIVE;
				GCC_WARN_UNUSED_FUNCTION = YES;
				GCC_WARN_UNUSED_VARIABLE = YES;
				IPHONEOS_DEPLOYMENT_TARGET = 15.4;
				MTL_ENABLE_DEBUG_INFO = NO;
				MTL_FAST_MATH = YES;
				SDKROOT = iphoneos;
				SWIFT_COMPILATION_MODE = wholemodule;
				SWIFT_OPTIMIZATION_LEVEL = "-O";
				VALIDATE_PRODUCT = YES;
			};
			name = Release;
		};
		33E970DA28A56E0300A5411C /* Debug */ = {
			isa = XCBuildConfiguration;
			buildSettings = {
				ASSETCATALOG_COMPILER_APPICON_NAME = AppIcon;
				ASSETCATALOG_COMPILER_GLOBAL_ACCENT_COLOR_NAME = AccentColor;
				CODE_SIGN_STYLE = Automatic;
				CURRENT_PROJECT_VERSION = 1;
				DEVELOPMENT_TEAM = UZVVD4UFLZ;
				GENERATE_INFOPLIST_FILE = YES;
				INFOPLIST_FILE = "window-shopper/Info.plist";
				INFOPLIST_KEY_UIApplicationSupportsIndirectInputEvents = YES;
				INFOPLIST_KEY_UILaunchStoryboardName = LaunchScreen;
				INFOPLIST_KEY_UIMainStoryboardFile = Main;
				INFOPLIST_KEY_UISupportedInterfaceOrientations_iPad = "UIInterfaceOrientationPortrait UIInterfaceOrientationPortraitUpsideDown UIInterfaceOrientationLandscapeLeft UIInterfaceOrientationLandscapeRight";
				INFOPLIST_KEY_UISupportedInterfaceOrientations_iPhone = "UIInterfaceOrientationPortrait UIInterfaceOrientationLandscapeLeft UIInterfaceOrientationLandscapeRight";
				LD_RUNPATH_SEARCH_PATHS = (
					"$(inherited)",
					"@executable_path/Frameworks",
				);
				MARKETING_VERSION = 1.0;
				PRODUCT_BUNDLE_IDENTIFIER = "com.vitesco.window-shopper";
				PRODUCT_NAME = "$(TARGET_NAME)";
				SWIFT_EMIT_LOC_STRINGS = YES;
				SWIFT_VERSION = 5.0;
				TARGETED_DEVICE_FAMILY = "1,2";
			};
			name = Debug;
		};
		33E970DB28A56E0300A5411C /* Release */ = {
			isa = XCBuildConfiguration;
			buildSettings = {
				ASSETCATALOG_COMPILER_APPICON_NAME = AppIcon;
				ASSETCATALOG_COMPILER_GLOBAL_ACCENT_COLOR_NAME = AccentColor;
				CODE_SIGN_STYLE = Automatic;
				CURRENT_PROJECT_VERSION = 1;
				DEVELOPMENT_TEAM = UZVVD4UFLZ;
				GENERATE_INFOPLIST_FILE = YES;
				INFOPLIST_FILE = "window-shopper/Info.plist";
				INFOPLIST_KEY_UIApplicationSupportsIndirectInputEvents = YES;
				INFOPLIST_KEY_UILaunchStoryboardName = LaunchScreen;
				INFOPLIST_KEY_UIMainStoryboardFile = Main;
				INFOPLIST_KEY_UISupportedInterfaceOrientations_iPad = "UIInterfaceOrientationPortrait UIInterfaceOrientationPortraitUpsideDown UIInterfaceOrientationLandscapeLeft UIInterfaceOrientationLandscapeRight";
				INFOPLIST_KEY_UISupportedInterfaceOrientations_iPhone = "UIInterfaceOrientationPortrait UIInterfaceOrientationLandscapeLeft UIInterfaceOrientationLandscapeRight";
				LD_RUNPATH_SEARCH_PATHS = (
					"$(inherited)",
					"@executable_path/Frameworks",
				);
				MARKETING_VERSION = 1.0;
				PRODUCT_BUNDLE_IDENTIFIER = "com.vitesco.window-shopper";
				PRODUCT_NAME = "$(TARGET_NAME)";
				SWIFT_EMIT_LOC_STRINGS = YES;
				SWIFT_VERSION = 5.0;
				TARGETED_DEVICE_FAMILY = "1,2";
			};
			name = Release;
		};
/* End XCBuildConfiguration section */

/* Begin XCConfigurationList section */
		333E71AD28AC1BFC00803CB0 /* Build configuration list for PBXNativeTarget "window-shopperTests" */ = {
			isa = XCConfigurationList;
			buildConfigurations = (
				333E71AB28AC1BFC00803CB0 /* Debug */,
				333E71AC28AC1BFC00803CB0 /* Release */,
			);
			defaultConfigurationIsVisible = 0;
			defaultConfigurationName = Release;
		};
		33E970C028A56E0200A5411C /* Build configuration list for PBXProject "window-shopper" */ = {
			isa = XCConfigurationList;
			buildConfigurations = (
				33E970D728A56E0300A5411C /* Debug */,
				33E970D828A56E0300A5411C /* Release */,
			);
			defaultConfigurationIsVisible = 0;
			defaultConfigurationName = Release;
		};
		33E970D928A56E0300A5411C /* Build configuration list for PBXNativeTarget "window-shopper" */ = {
			isa = XCConfigurationList;
			buildConfigurations = (
				33E970DA28A56E0300A5411C /* Debug */,
				33E970DB28A56E0300A5411C /* Release */,
			);
			defaultConfigurationIsVisible = 0;
			defaultConfigurationName = Release;
		};
/* End XCConfigurationList section */
	};
	rootObject = 33E970BD28A56E0200A5411C /* Project object */;
}
